
Microsoft Visual Studio Solution File, Format Version 12.00
# Visual Studio Version 17
VisualStudioVersion = 17.0.31903.59
MinimumVisualStudioVersion = 10.0.40219.1
Project("{FAE04EC0-301F-11D3-BF4B-00C04F79EFBC}") = "CentroEstetico.Api", "CentroEstetico.Api\CentroEstetico.Api.csproj", "{0C38EE3A-3116-4773-AF94-51FB53F50276}"
EndProject
Project("{FAE04EC0-301F-11D3-BF4B-00C04F79EFBC}") = "CentroEstetico.Domain", "CentroEstetico.Domain\CentroEstetico.Domain.csproj", "{C4B07150-C530-4C75-A32A-E31499EA1B41}"
EndProject
Project("{FAE04EC0-301F-11D3-BF4B-00C04F79EFBC}") = "CentroEstetico.Application", "CentroEstetico.Application\CentroEstetico.Application.csproj", "{E8149307-BD17-42A5-B7FF-99572E7EB97D}"
EndProject
Project("{FAE04EC0-301F-11D3-BF4B-00C04F79EFBC}") = "CentroEstetico.Infrastructure", "CentroEstetico.Infrastructure\CentroEstetico.Infrastructure.csproj", "{5FFCFA91-9473-41CE-AD0C-5A3BC1E267F5}"
EndProject
Global
	GlobalSection(SolutionConfigurationPlatforms) = preSolution
		Debug|Any CPU = Debug|Any CPU
		Debug|x64 = Debug|x64
		Debug|x86 = Debug|x86
		Release|Any CPU = Release|Any CPU
		Release|x64 = Release|x64
		Release|x86 = Release|x86
	EndGlobalSection
	GlobalSection(ProjectConfigurationPlatforms) = postSolution
		{0C38EE3A-3116-4773-AF94-51FB53F50276}.Debug|Any CPU.ActiveCfg = Debug|Any CPU
		{0C38EE3A-3116-4773-AF94-51FB53F50276}.Debug|Any CPU.Build.0 = Debug|Any CPU
		{0C38EE3A-3116-4773-AF94-51FB53F50276}.Debug|x64.ActiveCfg = Debug|Any CPU
		{0C38EE3A-3116-4773-AF94-51FB53F50276}.Debug|x64.Build.0 = Debug|Any CPU
		{0C38EE3A-3116-4773-AF94-51FB53F50276}.Debug|x86.ActiveCfg = Debug|Any CPU
		{0C38EE3A-3116-4773-AF94-51FB53F50276}.Debug|x86.Build.0 = Debug|Any CPU
		{0C38EE3A-3116-4773-AF94-51FB53F50276}.Release|Any CPU.ActiveCfg = Release|Any CPU
		{0C38EE3A-3116-4773-AF94-51FB53F50276}.Release|Any CPU.Build.0 = Release|Any CPU
		{0C38EE3A-3116-4773-AF94-51FB53F50276}.Release|x64.ActiveCfg = Release|Any CPU
		{0C38EE3A-3116-4773-AF94-51FB53F50276}.Release|x64.Build.0 = Release|Any CPU
		{0C38EE3A-3116-4773-AF94-51FB53F50276}.Release|x86.ActiveCfg = Release|Any CPU
		{0C38EE3A-3116-4773-AF94-51FB53F50276}.Release|x86.Build.0 = Release|Any CPU
		{C4B07150-C530-4C75-A32A-E31499EA1B41}.Debug|Any CPU.ActiveCfg = Debug|Any CPU
		{C4B07150-C530-4C75-A32A-E31499EA1B41}.Debug|Any CPU.Build.0 = Debug|Any CPU
		{C4B07150-C530-4C75-A32A-E31499EA1B41}.Debug|x64.ActiveCfg = Debug|Any CPU
		{C4B07150-C530-4C75-A32A-E31499EA1B41}.Debug|x64.Build.0 = Debug|Any CPU
		{C4B07150-C530-4C75-A32A-E31499EA1B41}.Debug|x86.ActiveCfg = Debug|Any CPU
		{C4B07150-C530-4C75-A32A-E31499EA1B41}.Debug|x86.Build.0 = Debug|Any CPU
		{C4B07150-C530-4C75-A32A-E31499EA1B41}.Release|Any CPU.ActiveCfg = Release|Any CPU
		{C4B07150-C530-4C75-A32A-E31499EA1B41}.Release|Any CPU.Build.0 = Release|Any CPU
		{C4B07150-C530-4C75-A32A-E31499EA1B41}.Release|x64.ActiveCfg = Release|Any CPU
		{C4B07150-C530-4C75-A32A-E31499EA1B41}.Release|x64.Build.0 = Release|Any CPU
		{C4B07150-C530-4C75-A32A-E31499EA1B41}.Release|x86.ActiveCfg = Release|Any CPU
		{C4B07150-C530-4C75-A32A-E31499EA1B41}.Release|x86.Build.0 = Release|Any CPU
		{E8149307-BD17-42A5-B7FF-99572E7EB97D}.Debug|Any CPU.ActiveCfg = Debug|Any CPU
		{E8149307-BD17-42A5-B7FF-99572E7EB97D}.Debug|Any CPU.Build.0 = Debug|Any CPU
		{E8149307-BD17-42A5-B7FF-99572E7EB97D}.Debug|x64.ActiveCfg = Debug|Any CPU
		{E8149307-BD17-42A5-B7FF-99572E7EB97D}.Debug|x64.Build.0 = Debug|Any CPU
		{E8149307-BD17-42A5-B7FF-99572E7EB97D}.Debug|x86.ActiveCfg = Debug|Any CPU
		{E8149307-BD17-42A5-B7FF-99572E7EB97D}.Debug|x86.Build.0 = Debug|Any CPU
		{E8149307-BD17-42A5-B7FF-99572E7EB97D}.Release|Any CPU.ActiveCfg = Release|Any CPU
		{E8149307-BD17-42A5-B7FF-99572E7EB97D}.Release|Any CPU.Build.0 = Release|Any CPU
		{E8149307-BD17-42A5-B7FF-99572E7EB97D}.Release|x64.ActiveCfg = Release|Any CPU
		{E8149307-BD17-42A5-B7FF-99572E7EB97D}.Release|x64.Build.0 = Release|Any CPU
		{E8149307-BD17-42A5-B7FF-99572E7EB97D}.Release|x86.ActiveCfg = Release|Any CPU
		{E8149307-BD17-42A5-B7FF-99572E7EB97D}.Release|x86.Build.0 = Release|Any CPU
		{5FFCFA91-9473-41CE-AD0C-5A3BC1E267F5}.Debug|Any CPU.ActiveCfg = Debug|Any CPU
		{5FFCFA91-9473-41CE-AD0C-5A3BC1E267F5}.Debug|Any CPU.Build.0 = Debug|Any CPU
		{5FFCFA91-9473-41CE-AD0C-5A3BC1E267F5}.Debug|x64.ActiveCfg = Debug|Any CPU
		{5FFCFA91-9473-41CE-AD0C-5A3BC1E267F5}.Debug|x64.Build.0 = Debug|Any CPU
		{5FFCFA91-9473-41CE-AD0C-5A3BC1E267F5}.Debug|x86.ActiveCfg = Debug|Any CPU
		{5FFCFA91-9473-41CE-AD0C-5A3BC1E267F5}.Debug|x86.Build.0 = Debug|Any CPU
		{5FFCFA91-9473-41CE-AD0C-5A3BC1E267F5}.Release|Any CPU.ActiveCfg = Release|Any CPU
		{5FFCFA91-9473-41CE-AD0C-5A3BC1E267F5}.Release|Any CPU.Build.0 = Release|Any CPU
		{5FFCFA91-9473-41CE-AD0C-5A3BC1E267F5}.Release|x64.ActiveCfg = Release|Any CPU
		{5FFCFA91-9473-41CE-AD0C-5A3BC1E267F5}.Release|x64.Build.0 = Release|Any CPU
		{5FFCFA91-9473-41CE-AD0C-5A3BC1E267F5}.Release|x86.ActiveCfg = Release|Any CPU
		{5FFCFA91-9473-41CE-AD0C-5A3BC1E267F5}.Release|x86.Build.0 = Release|Any CPU
	EndGlobalSection
	GlobalSection(SolutionProperties) = preSolution
		HideSolutionNode = FALSE
	EndGlobalSection
EndGlobal
